
Microsoft Visual Studio Solution File, Format Version 12.00
# Visual Studio 2012
Project("{FAE04EC0-301F-11D3-BF4B-00C04F79EFBC}") = "Web", "web.csproj", "{C66A229F-AE7D-4BC6-B984-F61257D21F2C}"
EndProject
Global
	GlobalSection(SolutionConfigurationPlatforms) = preSolution
		Debug|Any CPU = Debug|Any CPU
		Release|Any CPU = Release|Any CPU
	EndGlobalSection
	GlobalSection(ProjectConfigurationPlatforms) = postSolution
		{C66A229F-AE7D-4BC6-B984-F61257D21F2C}.Debug|Any CPU.ActiveCfg = Debug|Any CPU
		{C66A229F-AE7D-4BC6-B984-F61257D21F2C}.Debug|Any CPU.Build.0 = Debug|Any CPU
		{C66A229F-AE7D-4BC6-B984-F61257D21F2C}.Release|Any CPU.ActiveCfg = Release|Any CPU
		{C66A229F-AE7D-4BC6-B984-F61257D21F2C}.Release|Any CPU.Build.0 = Release|Any CPU
	EndGlobalSection
EndGlobal
